
Microsoft Visual Studio Solution File, Format Version 12.00
# Visual Studio Version 17
VisualStudioVersion = 17.5.33516.290
MinimumVisualStudioVersion = 10.0.40219.1
Project("{FAE04EC0-301F-11D3-BF4B-00C04F79EFBC}") = "Program", "Program\Program.csproj", "{3C633019-2DC9-4B66-9B35-6A364DA9956D}"
EndProject
Global
	GlobalSection(SolutionConfigurationPlatforms) = preSolution
		Debug|Any CPU = Debug|Any CPU
		Release|Any CPU = Release|Any CPU
	EndGlobalSection
	GlobalSection(ProjectConfigurationPlatforms) = postSolution
		{3C633019-2DC9-4B66-9B35-6A364DA9956D}.Debug|Any CPU.ActiveCfg = Debug|Any CPU
		{3C633019-2DC9-4B66-9B35-6A364DA9956D}.Debug|Any CPU.Build.0 = Debug|Any CPU
		{3C633019-2DC9-4B66-9B35-6A364DA9956D}.Release|Any CPU.ActiveCfg = Release|Any CPU
		{3C633019-2DC9-4B66-9B35-6A364DA9956D}.Release|Any CPU.Build.0 = Release|Any CPU
	EndGlobalSection
	GlobalSection(SolutionProperties) = preSolution
		HideSolutionNode = FALSE
	EndGlobalSection
	GlobalSection(ExtensibilityGlobals) = postSolution
		SolutionGuid = {C73EBA46-B311-45BA-9799-506C140E60B3}
	EndGlobalSection
EndGlobal
